github.com/go-gl/gl v0.0.0-20190320180904-bf2b1f2f34d7 h1:SCYMcCJ89LjRGwEa0tRluNRiMjZHalQZrVrvTbPh+qw=
github.com/go-gl/gl v0.0.0-20190320180904-bf2b1f2f34d7/go.mod h1:482civXOzJJCPzJ4ZOX/pwvXBWSnzD4OKMdH4ClKGbk=
github.com/go-gl/glfw v0.0.0-20200420212212-258d9bec320e h1:d/6iiszw8nt7mrUmkD/zaMj2I4mOcKYsxmkL+vTGWYc=
github.com/go-gl/glfw v0.0.0-20200420212212-258d9bec320e/go.mod h1:vR7hzQXu2zJy9AVAgeJqvqgH9Q5CA+iKCZ2gyEVpxRU=
github.com/gordonklaus/portaudio v0.0.0-20180817120803-00e7307ccd93 h1:TSG+DyZBnazM22ZHyHLeUkzM34ClkJRjIWHTq4btvek=
github.com/gordonklaus/portaudio v0.0.0-20180817120803-00e7307ccd93/go.mod h1:HfYnZi/ARQKG0dwH5HNDmPCHdLiFiBf+SI7DbhW7et4=
github.com/mebusy/simpleui v0.0.0-20200602074042-b670c946efec h1:XdIrBOfBu9ttNo+ufIolYq22HIK+rftssZJhZWl/UUk=
github.com/mebusy/simpleui v0.0.0-20200602074042-b670c946efec/go.mod h1:EeATxbAsqjxpj5gUtPTkNmD/Di0VmXbIaWm36eHYYes=
github.com/mebusy/simpleui v0.0.0-20200602111217-750c6375eb79 h1:S+fgNrOePQ4RGF+dGCEqfvmeUXjaug9PQbLYJIafr1w=
github.com/mebusy/simpleui v0.0.0-20200602111217-750c6375eb79/go.mod h1:8HbPm1TiWMLZL+WRSPHtpeGVs106cOk5d92cXbT09eY=
github.com/mebusy/simpleui v0.0.0-20200602112445-a900eb076e3b h1:U7ZtCZVfWVAP3Gvz/MSg/B8Rv+QyJaFYRkEaGxCNAiM=
github.com/mebusy/simpleui v0.0.0-20200602112445-a900eb076e3b/go.mod h1:8HbPm1TiWMLZL+WRSPHtpeGVs106cOk5d92cXbT09eY=
github.com/mebusy/simpleui v0.0.0-20200603110833-367094b3be53 h1:I0g2dBgwadrpSK2VJYOnoPYB4Q/KwYefoI2Swh17ppE=
github.com/mebusy/simpleui v0.0.0-20200603110833-367094b3be53/go.mod h1:8HbPm1TiWMLZL+WRSPHtpeGVs106cOk5d92cXbT09eY=
github.com/mebusy/simpleui v0.0.0-20200603134246-987f833b917a h1:88FMxYJCPMWrpoxgcEcrxp0Fp2UJ1e4FZ3g3zObSEeg=
github.com/mebusy/simpleui v0.0.0-20200603134246-987f833b917a/go.mod h1:8HbPm1TiWMLZL+WRSPHtpeGVs106cOk5d92cXbT09eY=
github.com/mebusy/simpleui v0.0.0-20200603143032-79527e3d7ee3 h1:7XO8+/ep4vJs0xtlgW40rVr95kL/rOzEwhAPu09qlOk=
github.com/mebusy/simpleui v0.0.0-20200603143032-79527e3d7ee3/go.mod h1:8HbPm1TiWMLZL+WRSPHtpeGVs106cOk5d92cXbT09eY=
github.com/mebusy/simpleui v0.0.0-20200606090521-6757838e81ad h1:xf8ZCcf/S+a9Z3a3MU+dHR5bZSFtTeE2XDLo+5YE7wA=
github.com/mebusy/simpleui v0.0.0-20200606090521-6757838e81ad/go.mod h1:8HbPm1TiWMLZL+WRSPHtpeGVs106cOk5d92cXbT09eY=
github.com/mebusy/simpleui v0.0.0-20200608065548-f1f00a083a6b h1:ZR2X+pRndlxgr+2OXH14BqNNrugFMNFPZAt2vFFC7N8=
github.com/mebusy/simpleui v0.0.0-20200608065548-f1f00a083a6b/go.mod h1:8HbPm1TiWMLZL+WRSPHtpeGVs106cOk5d92cXbT09eY=
